// !$*UTF8*$!
{
	archiveVersion = 1;
	classes = {
	};
	objectVersion = 56;
	objects = {

/* Begin PBXBuildFile section */
		7E4AF4022BD1F6AA00A7EBF6 /* CircleImage.swift in Sources */ = {isa = PBXBuildFile; fileRef = 7E4AF4012BD1F6AA00A7EBF6 /* CircleImage.swift */; };
		7E4AF4042BD1F8F900A7EBF6 /* MapView.swift in Sources */ = {isa = PBXBuildFile; fileRef = 7E4AF4032BD1F8F900A7EBF6 /* MapView.swift */; };
		7E4AF4062BD1FE9F00A7EBF6 /* landmarkData.json in Resources */ = {isa = PBXBuildFile; fileRef = 7E4AF4052BD1FE9F00A7EBF6 /* landmarkData.json */; };
		7E4AF4082BD1FEC400A7EBF6 /* Landmark.swift in Sources */ = {isa = PBXBuildFile; fileRef = 7E4AF4072BD1FEC400A7EBF6 /* Landmark.swift */; };
		7E4AF40A2BD2018F00A7EBF6 /* ModelData.swift in Sources */ = {isa = PBXBuildFile; fileRef = 7E4AF4092BD2018F00A7EBF6 /* ModelData.swift */; };
		7E4AF40F2BD204C800A7EBF6 /* LandmarkRow.swift in Sources */ = {isa = PBXBuildFile; fileRef = 7E4AF40E2BD204C800A7EBF6 /* LandmarkRow.swift */; };
		7E4AF4112BD2079D00A7EBF6 /* LandmarkList.swift in Sources */ = {isa = PBXBuildFile; fileRef = 7E4AF4102BD2079D00A7EBF6 /* LandmarkList.swift */; };
		7E4AF4132BD2099A00A7EBF6 /* LandmarkDetail.swift in Sources */ = {isa = PBXBuildFile; fileRef = 7E4AF4122BD2099A00A7EBF6 /* LandmarkDetail.swift */; };
		7E6AB1C12BD21A8A009F6C43 /* FavoriteButton.swift in Sources */ = {isa = PBXBuildFile; fileRef = 7E6AB1C02BD21A8A009F6C43 /* FavoriteButton.swift */; };
		7E7570242BDA105100687596 /* HexagonParameters.swift in Sources */ = {isa = PBXBuildFile; fileRef = 7E7570232BDA105100687596 /* HexagonParameters.swift */; };
		7E7570262BDA148E00687596 /* BadgeBackground.swift in Sources */ = {isa = PBXBuildFile; fileRef = 7E7570252BDA148E00687596 /* BadgeBackground.swift */; };
		7E7570282BDA1E8700687596 /* BadgeSymbol.swift in Sources */ = {isa = PBXBuildFile; fileRef = 7E7570272BDA1E8700687596 /* BadgeSymbol.swift */; };
		7E75702A2BDA20BC00687596 /* RotatedBadgeSymbol.swift in Sources */ = {isa = PBXBuildFile; fileRef = 7E7570292BDA20BC00687596 /* RotatedBadgeSymbol.swift */; };
		7E75702C2BDA222100687596 /* Badge.swift in Sources */ = {isa = PBXBuildFile; fileRef = 7E75702B2BDA222100687596 /* Badge.swift */; };
		7E7570302BDA280B00687596 /* CategoryHome.swift in Sources */ = {isa = PBXBuildFile; fileRef = 7E75702F2BDA280B00687596 /* CategoryHome.swift */; };
		7E7570322BDA2DD400687596 /* hikeData.json in Resources */ = {isa = PBXBuildFile; fileRef = 7E7570312BDA2DD400687596 /* hikeData.json */; };
		7E7570342BDA2E0400687596 /* Hike.swift in Sources */ = {isa = PBXBuildFile; fileRef = 7E7570332BDA2E0400687596 /* Hike.swift */; };
		7E81A14E2BD0D8B300080407 /* LandmarksApp.swift in Sources */ = {isa = PBXBuildFile; fileRef = 7E81A14D2BD0D8B300080407 /* LandmarksApp.swift */; };
		7E81A1502BD0D8B300080407 /* ContentView.swift in Sources */ = {isa = PBXBuildFile; fileRef = 7E81A14F2BD0D8B300080407 /* ContentView.swift */; };
		7E81A1522BD0D8B500080407 /* Assets.xcassets in Resources */ = {isa = PBXBuildFile; fileRef = 7E81A1512BD0D8B500080407 /* Assets.xcassets */; };
		7E81A1552BD0D8B500080407 /* Preview Assets.xcassets in Resources */ = {isa = PBXBuildFile; fileRef = 7E81A1542BD0D8B500080407 /* Preview Assets.xcassets */; };
		7E81A15F2BD0D8B600080407 /* LandmarksTests.swift in Sources */ = {isa = PBXBuildFile; fileRef = 7E81A15E2BD0D8B600080407 /* LandmarksTests.swift */; };
		7E81A1692BD0D8B600080407 /* LandmarksUITests.swift in Sources */ = {isa = PBXBuildFile; fileRef = 7E81A1682BD0D8B600080407 /* LandmarksUITests.swift */; };
		7E81A16B2BD0D8B600080407 /* LandmarksUITestsLaunchTests.swift in Sources */ = {isa = PBXBuildFile; fileRef = 7E81A16A2BD0D8B600080407 /* LandmarksUITestsLaunchTests.swift */; };
		7EE0D6422BDC2C2600B0B9FB /* GraphCapsule.swift in Sources */ = {isa = PBXBuildFile; fileRef = 7EE0D63E2BDC2C2600B0B9FB /* GraphCapsule.swift */; };
		7EE0D6432BDC2C2600B0B9FB /* HikeGraph.swift in Sources */ = {isa = PBXBuildFile; fileRef = 7EE0D63F2BDC2C2600B0B9FB /* HikeGraph.swift */; };
		7EE0D6442BDC2C2600B0B9FB /* HikeDetail.swift in Sources */ = {isa = PBXBuildFile; fileRef = 7EE0D6402BDC2C2600B0B9FB /* HikeDetail.swift */; };
		7EE0D6452BDC2C2600B0B9FB /* HikeView.swift in Sources */ = {isa = PBXBuildFile; fileRef = 7EE0D6412BDC2C2600B0B9FB /* HikeView.swift */; };
		7EE0D6492BDC3F7500B0B9FB /* CategoryRow.swift in Sources */ = {isa = PBXBuildFile; fileRef = 7EE0D6482BDC3F7500B0B9FB /* CategoryRow.swift */; };
		7EE0D64B2BDC422D00B0B9FB /* CategoryItem.swift in Sources */ = {isa = PBXBuildFile; fileRef = 7EE0D64A2BDC422D00B0B9FB /* CategoryItem.swift */; };
/* End PBXBuildFile section */

/* Begin PBXContainerItemProxy section */
		7E81A15B2BD0D8B600080407 /* PBXContainerItemProxy */ = {
			isa = PBXContainerItemProxy;
			containerPortal = 7E81A1422BD0D8B300080407 /* Project object */;
			proxyType = 1;
			remoteGlobalIDString = 7E81A1492BD0D8B300080407;
			remoteInfo = Landmarks;
		};
		7E81A1652BD0D8B600080407 /* PBXContainerItemProxy */ = {
			isa = PBXContainerItemProxy;
			containerPortal = 7E81A1422BD0D8B300080407 /* Project object */;
			proxyType = 1;
			remoteGlobalIDString = 7E81A1492BD0D8B300080407;
			remoteInfo = Landmarks;
		};
/* End PBXContainerItemProxy section */

/* Begin PBXFileReference section */
		7E4AF4012BD1F6AA00A7EBF6 /* CircleImage.swift */ = {isa = PBXFileReference; lastKnownFileType = sourcecode.swift; path = CircleImage.swift; sourceTree = "<group>"; };
		7E4AF4032BD1F8F900A7EBF6 /* MapView.swift */ = {isa = PBXFileReference; lastKnownFileType = sourcecode.swift; path = MapView.swift; sourceTree = "<group>"; };
		7E4AF4052BD1FE9F00A7EBF6 /* landmarkData.json */ = {isa = PBXFileReference; fileEncoding = 4; lastKnownFileType = text.json; path = landmarkData.json; sourceTree = "<group>"; };
		7E4AF4072BD1FEC400A7EBF6 /* Landmark.swift */ = {isa = PBXFileReference; lastKnownFileType = sourcecode.swift; path = Landmark.swift; sourceTree = "<group>"; };
		7E4AF4092BD2018F00A7EBF6 /* ModelData.swift */ = {isa = PBXFileReference; lastKnownFileType = sourcecode.swift; path = ModelData.swift; sourceTree = "<group>"; };
		7E4AF40E2BD204C800A7EBF6 /* LandmarkRow.swift */ = {isa = PBXFileReference; lastKnownFileType = sourcecode.swift; path = LandmarkRow.swift; sourceTree = "<group>"; };
		7E4AF4102BD2079D00A7EBF6 /* LandmarkList.swift */ = {isa = PBXFileReference; lastKnownFileType = sourcecode.swift; path = LandmarkList.swift; sourceTree = "<group>"; };
		7E4AF4122BD2099A00A7EBF6 /* LandmarkDetail.swift */ = {isa = PBXFileReference; lastKnownFileType = sourcecode.swift; path = LandmarkDetail.swift; sourceTree = "<group>"; };
		7E6AB1C02BD21A8A009F6C43 /* FavoriteButton.swift */ = {isa = PBXFileReference; lastKnownFileType = sourcecode.swift; path = FavoriteButton.swift; sourceTree = "<group>"; };
		7E7570232BDA105100687596 /* HexagonParameters.swift */ = {isa = PBXFileReference; lastKnownFileType = sourcecode.swift; path = HexagonParameters.swift; sourceTree = "<group>"; };
		7E7570252BDA148E00687596 /* BadgeBackground.swift */ = {isa = PBXFileReference; lastKnownFileType = sourcecode.swift; path = BadgeBackground.swift; sourceTree = "<group>"; };
		7E7570272BDA1E8700687596 /* BadgeSymbol.swift */ = {isa = PBXFileReference; lastKnownFileType = sourcecode.swift; path = BadgeSymbol.swift; sourceTree = "<group>"; };
		7E7570292BDA20BC00687596 /* RotatedBadgeSymbol.swift */ = {isa = PBXFileReference; lastKnownFileType = sourcecode.swift; path = RotatedBadgeSymbol.swift; sourceTree = "<group>"; };
		7E75702B2BDA222100687596 /* Badge.swift */ = {isa = PBXFileReference; lastKnownFileType = sourcecode.swift; path = Badge.swift; sourceTree = "<group>"; };
		7E75702F2BDA280B00687596 /* CategoryHome.swift */ = {isa = PBXFileReference; lastKnownFileType = sourcecode.swift; name = CategoryHome.swift; path = ../../CategoryHome.swift; sourceTree = "<group>"; };
		7E7570312BDA2DD400687596 /* hikeData.json */ = {isa = PBXFileReference; fileEncoding = 4; lastKnownFileType = text.json; path = hikeData.json; sourceTree = "<group>"; };
		7E7570332BDA2E0400687596 /* Hike.swift */ = {isa = PBXFileReference; lastKnownFileType = sourcecode.swift; path = Hike.swift; sourceTree = "<group>"; };
		7E81A14A2BD0D8B300080407 /* Landmarks.app */ = {isa = PBXFileReference; explicitFileType = wrapper.application; includeInIndex = 0; path = Landmarks.app; sourceTree = BUILT_PRODUCTS_DIR; };
		7E81A14D2BD0D8B300080407 /* LandmarksApp.swift */ = {isa = PBXFileReference; lastKnownFileType = sourcecode.swift; path = LandmarksApp.swift; sourceTree = "<group>"; };
		7E81A14F2BD0D8B300080407 /* ContentView.swift */ = {isa = PBXFileReference; lastKnownFileType = sourcecode.swift; path = ContentView.swift; sourceTree = "<group>"; };
		7E81A1512BD0D8B500080407 /* Assets.xcassets */ = {isa = PBXFileReference; lastKnownFileType = folder.assetcatalog; path = Assets.xcassets; sourceTree = "<group>"; };
		7E81A1542BD0D8B500080407 /* Preview Assets.xcassets */ = {isa = PBXFileReference; lastKnownFileType = folder.assetcatalog; path = "Preview Assets.xcassets"; sourceTree = "<group>"; };
		7E81A15A2BD0D8B600080407 /* LandmarksTests.xctest */ = {isa = PBXFileReference; explicitFileType = wrapper.cfbundle; includeInIndex = 0; path = LandmarksTests.xctest; sourceTree = BUILT_PRODUCTS_DIR; };
		7E81A15E2BD0D8B600080407 /* LandmarksTests.swift */ = {isa = PBXFileReference; lastKnownFileType = sourcecode.swift; path = LandmarksTests.swift; sourceTree = "<group>"; };
		7E81A1642BD0D8B600080407 /* LandmarksUITests.xctest */ = {isa = PBXFileReference; explicitFileType = wrapper.cfbundle; includeInIndex = 0; path = LandmarksUITests.xctest; sourceTree = BUILT_PRODUCTS_DIR; };
		7E81A1682BD0D8B600080407 /* LandmarksUITests.swift */ = {isa = PBXFileReference; lastKnownFileType = sourcecode.swift; path = LandmarksUITests.swift; sourceTree = "<group>"; };
		7E81A16A2BD0D8B600080407 /* LandmarksUITestsLaunchTests.swift */ = {isa = PBXFileReference; lastKnownFileType = sourcecode.swift; path = LandmarksUITestsLaunchTests.swift; sourceTree = "<group>"; };
		7EE0D63E2BDC2C2600B0B9FB /* GraphCapsule.swift */ = {isa = PBXFileReference; fileEncoding = 4; lastKnownFileType = sourcecode.swift; path = GraphCapsule.swift; sourceTree = "<group>"; };
		7EE0D63F2BDC2C2600B0B9FB /* HikeGraph.swift */ = {isa = PBXFileReference; fileEncoding = 4; lastKnownFileType = sourcecode.swift; path = HikeGraph.swift; sourceTree = "<group>"; };
		7EE0D6402BDC2C2600B0B9FB /* HikeDetail.swift */ = {isa = PBXFileReference; fileEncoding = 4; lastKnownFileType = sourcecode.swift; path = HikeDetail.swift; sourceTree = "<group>"; };
		7EE0D6412BDC2C2600B0B9FB /* HikeView.swift */ = {isa = PBXFileReference; fileEncoding = 4; lastKnownFileType = sourcecode.swift; path = HikeView.swift; sourceTree = "<group>"; };
		7EE0D6482BDC3F7500B0B9FB /* CategoryRow.swift */ = {isa = PBXFileReference; lastKnownFileType = sourcecode.swift; path = CategoryRow.swift; sourceTree = "<group>"; };
		7EE0D64A2BDC422D00B0B9FB /* CategoryItem.swift */ = {isa = PBXFileReference; lastKnownFileType = sourcecode.swift; path = CategoryItem.swift; sourceTree = "<group>"; };
/* End PBXFileReference section */

/* Begin PBXFrameworksBuildPhase section */
		7E81A1472BD0D8B300080407 /* Frameworks */ = {
			isa = PBXFrameworksBuildPhase;
			buildActionMask = 2147483647;
			files = (
			);
			runOnlyForDeploymentPostprocessing = 0;
		};
		7E81A1572BD0D8B600080407 /* Frameworks */ = {
			isa = PBXFrameworksBuildPhase;
			buildActionMask = 2147483647;
			files = (
			);
			runOnlyForDeploymentPostprocessing = 0;
		};
		7E81A1612BD0D8B600080407 /* Frameworks */ = {
			isa = PBXFrameworksBuildPhase;
			buildActionMask = 2147483647;
			files = (
			);
			runOnlyForDeploymentPostprocessing = 0;
		};
/* End PBXFrameworksBuildPhase section */

/* Begin PBXGroup section */
		7E4AF40B2BD2032100A7EBF6 /* Views */ = {
			isa = PBXGroup;
			children = (
				7E81A14F2BD0D8B300080407 /* ContentView.swift */,
				7E75702F2BDA280B00687596 /* CategoryHome.swift */,
				7EE0D6482BDC3F7500B0B9FB /* CategoryRow.swift */,
				7EE0D64A2BDC422D00B0B9FB /* CategoryItem.swift */,
				7EE0D63D2BDC2C2600B0B9FB /* Hikes */,
				7E75702D2BDA265500687596 /* Badges */,
				7E75702E2BDA268100687596 /* Landmarks */,
			);
			path = Views;
			sourceTree = "<group>";
		};
		7E4AF40C2BD2039D00A7EBF6 /* Model */ = {
			isa = PBXGroup;
			children = (
				7E4AF4072BD1FEC400A7EBF6 /* Landmark.swift */,
				7E4AF4092BD2018F00A7EBF6 /* ModelData.swift */,
				7E7570332BDA2E0400687596 /* Hike.swift */,
			);
			path = Model;
			sourceTree = "<group>";
		};
		7E4AF40D2BD203DE00A7EBF6 /* Resources */ = {
			isa = PBXGroup;
			children = (
				7E4AF4052BD1FE9F00A7EBF6 /* landmarkData.json */,
				7E7570312BDA2DD400687596 /* hikeData.json */,
			);
			path = Resources;
			sourceTree = "<group>";
		};
		7E6AB1C22BD21BCB009F6C43 /* Helpers */ = {
			isa = PBXGroup;
			children = (
				7E4AF4032BD1F8F900A7EBF6 /* MapView.swift */,
				7E4AF4012BD1F6AA00A7EBF6 /* CircleImage.swift */,
				7E6AB1C02BD21A8A009F6C43 /* FavoriteButton.swift */,
			);
			path = Helpers;
			sourceTree = "<group>";
		};
		7E75702D2BDA265500687596 /* Badges */ = {
			isa = PBXGroup;
			children = (
				7E7570272BDA1E8700687596 /* BadgeSymbol.swift */,
				7E7570292BDA20BC00687596 /* RotatedBadgeSymbol.swift */,
				7E75702B2BDA222100687596 /* Badge.swift */,
				7E7570232BDA105100687596 /* HexagonParameters.swift */,
				7E7570252BDA148E00687596 /* BadgeBackground.swift */,
			);
			path = Badges;
			sourceTree = "<group>";
		};
		7E75702E2BDA268100687596 /* Landmarks */ = {
			isa = PBXGroup;
			children = (
				7E4AF40E2BD204C800A7EBF6 /* LandmarkRow.swift */,
				7E4AF4102BD2079D00A7EBF6 /* LandmarkList.swift */,
				7E4AF4122BD2099A00A7EBF6 /* LandmarkDetail.swift */,
			);
			path = Landmarks;
			sourceTree = "<group>";
		};
		7E81A1412BD0D8B300080407 = {
			isa = PBXGroup;
			children = (
				7E81A14C2BD0D8B300080407 /* Landmarks */,
				7E81A15D2BD0D8B600080407 /* LandmarksTests */,
				7E81A1672BD0D8B600080407 /* LandmarksUITests */,
				7E81A14B2BD0D8B300080407 /* Products */,
			);
			sourceTree = "<group>";
		};
		7E81A14B2BD0D8B300080407 /* Products */ = {
			isa = PBXGroup;
			children = (
				7E81A14A2BD0D8B300080407 /* Landmarks.app */,
				7E81A15A2BD0D8B600080407 /* LandmarksTests.xctest */,
				7E81A1642BD0D8B600080407 /* LandmarksUITests.xctest */,
			);
			name = Products;
			sourceTree = "<group>";
		};
		7E81A14C2BD0D8B300080407 /* Landmarks */ = {
			isa = PBXGroup;
			children = (
				7E81A14D2BD0D8B300080407 /* LandmarksApp.swift */,
				7E4AF40C2BD2039D00A7EBF6 /* Model */,
				7E6AB1C22BD21BCB009F6C43 /* Helpers */,
				7E4AF40B2BD2032100A7EBF6 /* Views */,
				7E4AF40D2BD203DE00A7EBF6 /* Resources */,
				7E81A1512BD0D8B500080407 /* Assets.xcassets */,
				7E81A1532BD0D8B500080407 /* Preview Content */,
			);
			path = Landmarks;
			sourceTree = "<group>";
		};
		7E81A1532BD0D8B500080407 /* Preview Content */ = {
			isa = PBXGroup;
			children = (
				7E81A1542BD0D8B500080407 /* Preview Assets.xcassets */,
			);
			path = "Preview Content";
			sourceTree = "<group>";
		};
		7E81A15D2BD0D8B600080407 /* LandmarksTests */ = {
			isa = PBXGroup;
			children = (
				7E81A15E2BD0D8B600080407 /* LandmarksTests.swift */,
			);
			path = LandmarksTests;
			sourceTree = "<group>";
		};
		7E81A1672BD0D8B600080407 /* LandmarksUITests */ = {
			isa = PBXGroup;
			children = (
				7E81A1682BD0D8B600080407 /* LandmarksUITests.swift */,
				7E81A16A2BD0D8B600080407 /* LandmarksUITestsLaunchTests.swift */,
			);
			path = LandmarksUITests;
			sourceTree = "<group>";
		};
		7EE0D63D2BDC2C2600B0B9FB /* Hikes */ = {
			isa = PBXGroup;
			children = (
				7EE0D63E2BDC2C2600B0B9FB /* GraphCapsule.swift */,
				7EE0D63F2BDC2C2600B0B9FB /* HikeGraph.swift */,
				7EE0D6402BDC2C2600B0B9FB /* HikeDetail.swift */,
				7EE0D6412BDC2C2600B0B9FB /* HikeView.swift */,
			);
			path = Hikes;
			sourceTree = "<group>";
		};
/* End PBXGroup section */

/* Begin PBXNativeTarget section */
		7E81A1492BD0D8B300080407 /* Landmarks */ = {
			isa = PBXNativeTarget;
			buildConfigurationList = 7E81A16E2BD0D8B600080407 /* Build configuration list for PBXNativeTarget "Landmarks" */;
			buildPhases = (
				7E81A1462BD0D8B300080407 /* Sources */,
				7E81A1472BD0D8B300080407 /* Frameworks */,
				7E81A1482BD0D8B300080407 /* Resources */,
			);
			buildRules = (
			);
			dependencies = (
			);
			name = Landmarks;
			productName = Landmarks;
			productReference = 7E81A14A2BD0D8B300080407 /* Landmarks.app */;
			productType = "com.apple.product-type.application";
		};
		7E81A1592BD0D8B600080407 /* LandmarksTests */ = {
			isa = PBXNativeTarget;
			buildConfigurationList = 7E81A1712BD0D8B600080407 /* Build configuration list for PBXNativeTarget "LandmarksTests" */;
			buildPhases = (
				7E81A1562BD0D8B600080407 /* Sources */,
				7E81A1572BD0D8B600080407 /* Frameworks */,
				7E81A1582BD0D8B600080407 /* Resources */,
			);
			buildRules = (
			);
			dependencies = (
				7E81A15C2BD0D8B600080407 /* PBXTargetDependency */,
			);
			name = LandmarksTests;
			productName = LandmarksTests;
			productReference = 7E81A15A2BD0D8B600080407 /* LandmarksTests.xctest */;
			productType = "com.apple.product-type.bundle.unit-test";
		};
		7E81A1632BD0D8B600080407 /* LandmarksUITests */ = {
			isa = PBXNativeTarget;
			buildConfigurationList = 7E81A1742BD0D8B600080407 /* Build configuration list for PBXNativeTarget "LandmarksUITests" */;
			buildPhases = (
				7E81A1602BD0D8B600080407 /* Sources */,
				7E81A1612BD0D8B600080407 /* Frameworks */,
				7E81A1622BD0D8B600080407 /* Resources */,
			);
			buildRules = (
			);
			dependencies = (
				7E81A1662BD0D8B600080407 /* PBXTargetDependency */,
			);
			name = LandmarksUITests;
			productName = LandmarksUITests;
			productReference = 7E81A1642BD0D8B600080407 /* LandmarksUITests.xctest */;
			productType = "com.apple.product-type.bundle.ui-testing";
		};
/* End PBXNativeTarget section */

/* Begin PBXProject section */
		7E81A1422BD0D8B300080407 /* Project object */ = {
			isa = PBXProject;
			attributes = {
				BuildIndependentTargetsInParallel = 1;
				LastSwiftUpdateCheck = 1520;
				LastUpgradeCheck = 1520;
				TargetAttributes = {
					7E81A1492BD0D8B300080407 = {
						CreatedOnToolsVersion = 15.2;
					};
					7E81A1592BD0D8B600080407 = {
						CreatedOnToolsVersion = 15.2;
						TestTargetID = 7E81A1492BD0D8B300080407;
					};
					7E81A1632BD0D8B600080407 = {
						CreatedOnToolsVersion = 15.2;
						TestTargetID = 7E81A1492BD0D8B300080407;
					};
				};
			};
			buildConfigurationList = 7E81A1452BD0D8B300080407 /* Build configuration list for PBXProject "Landmarks" */;
			compatibilityVersion = "Xcode 14.0";
			developmentRegion = en;
			hasScannedForEncodings = 0;
			knownRegions = (
				en,
				Base,
			);
			mainGroup = 7E81A1412BD0D8B300080407;
			productRefGroup = 7E81A14B2BD0D8B300080407 /* Products */;
			projectDirPath = "";
			projectRoot = "";
			targets = (
				7E81A1492BD0D8B300080407 /* Landmarks */,
				7E81A1592BD0D8B600080407 /* LandmarksTests */,
				7E81A1632BD0D8B600080407 /* LandmarksUITests */,
			);
		};
/* End PBXProject section */

/* Begin PBXResourcesBuildPhase section */
		7E81A1482BD0D8B300080407 /* Resources */ = {
			isa = PBXResourcesBuildPhase;
			buildActionMask = 2147483647;
			files = (
				7E7570322BDA2DD400687596 /* hikeData.json in Resources */,
				7E81A1552BD0D8B500080407 /* Preview Assets.xcassets in Resources */,
				7E81A1522BD0D8B500080407 /* Assets.xcassets in Resources */,
				7E4AF4062BD1FE9F00A7EBF6 /* landmarkData.json in Resources */,
			);
			runOnlyForDeploymentPostprocessing = 0;
		};
		7E81A1582BD0D8B600080407 /* Resources */ = {
			isa = PBXResourcesBuildPhase;
			buildActionMask = 2147483647;
			files = (
			);
			runOnlyForDeploymentPostprocessing = 0;
		};
		7E81A1622BD0D8B600080407 /* Resources */ = {
			isa = PBXResourcesBuildPhase;
			buildActionMask = 2147483647;
			files = (
			);
			runOnlyForDeploymentPostprocessing = 0;
		};
/* End PBXResourcesBuildPhase section */

/* Begin PBXSourcesBuildPhase section */
		7E81A1462BD0D8B300080407 /* Sources */ = {
			isa = PBXSourcesBuildPhase;
			buildActionMask = 2147483647;
			files = (
				7EE0D6492BDC3F7500B0B9FB /* CategoryRow.swift in Sources */,
				7E7570342BDA2E0400687596 /* Hike.swift in Sources */,
				7E81A1502BD0D8B300080407 /* ContentView.swift in Sources */,
				7E75702C2BDA222100687596 /* Badge.swift in Sources */,
				7E4AF4042BD1F8F900A7EBF6 /* MapView.swift in Sources */,
				7EE0D6432BDC2C2600B0B9FB /* HikeGraph.swift in Sources */,
				7E81A14E2BD0D8B300080407 /* LandmarksApp.swift in Sources */,
				7E7570302BDA280B00687596 /* CategoryHome.swift in Sources */,
				7E6AB1C12BD21A8A009F6C43 /* FavoriteButton.swift in Sources */,
				7EE0D64B2BDC422D00B0B9FB /* CategoryItem.swift in Sources */,
				7E7570242BDA105100687596 /* HexagonParameters.swift in Sources */,
				7E75702A2BDA20BC00687596 /* RotatedBadgeSymbol.swift in Sources */,
				7E7570282BDA1E8700687596 /* BadgeSymbol.swift in Sources */,
				7E4AF4112BD2079D00A7EBF6 /* LandmarkList.swift in Sources */,
				7E4AF4132BD2099A00A7EBF6 /* LandmarkDetail.swift in Sources */,
				7E7570262BDA148E00687596 /* BadgeBackground.swift in Sources */,
				7E4AF4022BD1F6AA00A7EBF6 /* CircleImage.swift in Sources */,
				7EE0D6422BDC2C2600B0B9FB /* GraphCapsule.swift in Sources */,
				7EE0D6452BDC2C2600B0B9FB /* HikeView.swift in Sources */,
				7E4AF4082BD1FEC400A7EBF6 /* Landmark.swift in Sources */,
				7E4AF40F2BD204C800A7EBF6 /* LandmarkRow.swift in Sources */,
				7E4AF40A2BD2018F00A7EBF6 /* ModelData.swift in Sources */,
				7EE0D6442BDC2C2600B0B9FB /* HikeDetail.swift in Sources */,
			);
			runOnlyForDeploymentPostprocessing = 0;
		};
		7E81A1562BD0D8B600080407 /* Sources */ = {
			isa = PBXSourcesBuildPhase;
			buildActionMask = 2147483647;
			files = (
				7E81A15F2BD0D8B600080407 /* LandmarksTests.swift in Sources */,
			);
			runOnlyForDeploymentPostprocessing = 0;
		};
		7E81A1602BD0D8B600080407 /* Sources */ = {
			isa = PBXSourcesBuildPhase;
			buildActionMask = 2147483647;
			files = (
				7E81A16B2BD0D8B600080407 /* LandmarksUITestsLaunchTests.swift in Sources */,
				7E81A1692BD0D8B600080407 /* LandmarksUITests.swift in Sources */,
			);
			runOnlyForDeploymentPostprocessing = 0;
		};
/* End PBXSourcesBuildPhase section */

/* Begin PBXTargetDependency section */
		7E81A15C2BD0D8B600080407 /* PBXTargetDependency */ = {
			isa = PBXTargetDependency;
			target = 7E81A1492BD0D8B300080407 /* Landmarks */;
			targetProxy = 7E81A15B2BD0D8B600080407 /* PBXContainerItemProxy */;
		};
		7E81A1662BD0D8B600080407 /* PBXTargetDependency */ = {
			isa = PBXTargetDependency;
			target = 7E81A1492BD0D8B300080407 /* Landmarks */;
			targetProxy = 7E81A1652BD0D8B600080407 /* PBXContainerItemProxy */;
		};
/* End PBXTargetDependency section */

/* Begin XCBuildConfiguration section */
		7E81A16C2BD0D8B600080407 /* Debug */ = {
			isa = XCBuildConfiguration;
			buildSettings = {
				ALWAYS_SEARCH_USER_PATHS = NO;
				ASSETCATALOG_COMPILER_GENERATE_SWIFT_ASSET_SYMBOL_EXTENSIONS = YES;
				CLANG_ANALYZER_NONNULL = YES;
				CLANG_ANALYZER_NUMBER_OBJECT_CONVERSION = YES_AGGRESSIVE;
				CLANG_CXX_LANGUAGE_STANDARD = "gnu++20";
				CLANG_ENABLE_MODULES = YES;
				CLANG_ENABLE_OBJC_ARC = YES;
				CLANG_ENABLE_OBJC_WEAK = YES;
				CLANG_WARN_BLOCK_CAPTURE_AUTORELEASING = YES;
				CLANG_WARN_BOOL_CONVERSION = YES;
				CLANG_WARN_COMMA = YES;
				CLANG_WARN_CONSTANT_CONVERSION = YES;
				CLANG_WARN_DEPRECATED_OBJC_IMPLEMENTATIONS = YES;
				CLANG_WARN_DIRECT_OBJC_ISA_USAGE = YES_ERROR;
				CLANG_WARN_DOCUMENTATION_COMMENTS = YES;
				CLANG_WARN_EMPTY_BODY = YES;
				CLANG_WARN_ENUM_CONVERSION = YES;
				CLANG_WARN_INFINITE_RECURSION = YES;
				CLANG_WARN_INT_CONVERSION = YES;
				CLANG_WARN_NON_LITERAL_NULL_CONVERSION = YES;
				CLANG_WARN_OBJC_IMPLICIT_RETAIN_SELF = YES;
				CLANG_WARN_OBJC_LITERAL_CONVERSION = YES;
				CLANG_WARN_OBJC_ROOT_CLASS = YES_ERROR;
				CLANG_WARN_QUOTED_INCLUDE_IN_FRAMEWORK_HEADER = YES;
				CLANG_WARN_RANGE_LOOP_ANALYSIS = YES;
				CLANG_WARN_STRICT_PROTOTYPES = YES;
				CLANG_WARN_SUSPICIOUS_MOVE = YES;
				CLANG_WARN_UNGUARDED_AVAILABILITY = YES_AGGRESSIVE;
				CLANG_WARN_UNREACHABLE_CODE = YES;
				CLANG_WARN__DUPLICATE_METHOD_MATCH = YES;
				COPY_PHASE_STRIP = NO;
				DEBUG_INFORMATION_FORMAT = dwarf;
				ENABLE_STRICT_OBJC_MSGSEND = YES;
				ENABLE_TESTABILITY = YES;
				ENABLE_USER_SCRIPT_SANDBOXING = YES;
				GCC_C_LANGUAGE_STANDARD = gnu17;
				GCC_DYNAMIC_NO_PIC = NO;
				GCC_NO_COMMON_BLOCKS = YES;
				GCC_OPTIMIZATION_LEVEL = 0;
				GCC_PREPROCESSOR_DEFINITIONS = (
					"DEBUG=1",
					"$(inherited)",
				);
				GCC_WARN_64_TO_32_BIT_CONVERSION = YES;
				GCC_WARN_ABOUT_RETURN_TYPE = YES_ERROR;
				GCC_WARN_UNDECLARED_SELECTOR = YES;
				GCC_WARN_UNINITIALIZED_AUTOS = YES_AGGRESSIVE;
				GCC_WARN_UNUSED_FUNCTION = YES;
				GCC_WARN_UNUSED_VARIABLE = YES;
				IPHONEOS_DEPLOYMENT_TARGET = 17.2;
				LOCALIZATION_PREFERS_STRING_CATALOGS = YES;
				MTL_ENABLE_DEBUG_INFO = INCLUDE_SOURCE;
				MTL_FAST_MATH = YES;
				ONLY_ACTIVE_ARCH = YES;
				SDKROOT = iphoneos;
				SWIFT_ACTIVE_COMPILATION_CONDITIONS = "DEBUG $(inherited)";
				SWIFT_OPTIMIZATION_LEVEL = "-Onone";
			};
			name = Debug;
		};
		7E81A16D2BD0D8B600080407 /* Release */ = {
			isa = XCBuildConfiguration;
			buildSettings = {
				ALWAYS_SEARCH_USER_PATHS = NO;
				ASSETCATALOG_COMPILER_GENERATE_SWIFT_ASSET_SYMBOL_EXTENSIONS = YES;
				CLANG_ANALYZER_NONNULL = YES;
				CLANG_ANALYZER_NUMBER_OBJECT_CONVERSION = YES_AGGRESSIVE;
				CLANG_CXX_LANGUAGE_STANDARD = "gnu++20";
				CLANG_ENABLE_MODULES = YES;
				CLANG_ENABLE_OBJC_ARC = YES;
				CLANG_ENABLE_OBJC_WEAK = YES;
				CLANG_WARN_BLOCK_CAPTURE_AUTORELEASING = YES;
				CLANG_WARN_BOOL_CONVERSION = YES;
				CLANG_WARN_COMMA = YES;
				CLANG_WARN_CONSTANT_CONVERSION = YES;
				CLANG_WARN_DEPRECATED_OBJC_IMPLEMENTATIONS = YES;
				CLANG_WARN_DIRECT_OBJC_ISA_USAGE = YES_ERROR;
				CLANG_WARN_DOCUMENTATION_COMMENTS = YES;
				CLANG_WARN_EMPTY_BODY = YES;
				CLANG_WARN_ENUM_CONVERSION = YES;
				CLANG_WARN_INFINITE_RECURSION = YES;
				CLANG_WARN_INT_CONVERSION = YES;
				CLANG_WARN_NON_LITERAL_NULL_CONVERSION = YES;
				CLANG_WARN_OBJC_IMPLICIT_RETAIN_SELF = YES;
				CLANG_WARN_OBJC_LITERAL_CONVERSION = YES;
				CLANG_WARN_OBJC_ROOT_CLASS = YES_ERROR;
				CLANG_WARN_QUOTED_INCLUDE_IN_FRAMEWORK_HEADER = YES;
				CLANG_WARN_RANGE_LOOP_ANALYSIS = YES;
				CLANG_WARN_STRICT_PROTOTYPES = YES;
				CLANG_WARN_SUSPICIOUS_MOVE = YES;
				CLANG_WARN_UNGUARDED_AVAILABILITY = YES_AGGRESSIVE;
				CLANG_WARN_UNREACHABLE_CODE = YES;
				CLANG_WARN__DUPLICATE_METHOD_MATCH = YES;
				COPY_PHASE_STRIP = NO;
				DEBUG_INFORMATION_FORMAT = "dwarf-with-dsym";
				ENABLE_NS_ASSERTIONS = NO;
				ENABLE_STRICT_OBJC_MSGSEND = YES;
				ENABLE_USER_SCRIPT_SANDBOXING = YES;
				GCC_C_LANGUAGE_STANDARD = gnu17;
				GCC_NO_COMMON_BLOCKS = YES;
				GCC_WARN_64_TO_32_BIT_CONVERSION = YES;
				GCC_WARN_ABOUT_RETURN_TYPE = YES_ERROR;
				GCC_WARN_UNDECLARED_SELECTOR = YES;
				GCC_WARN_UNINITIALIZED_AUTOS = YES_AGGRESSIVE;
				GCC_WARN_UNUSED_FUNCTION = YES;
				GCC_WARN_UNUSED_VARIABLE = YES;
				IPHONEOS_DEPLOYMENT_TARGET = 17.2;
				LOCALIZATION_PREFERS_STRING_CATALOGS = YES;
				MTL_ENABLE_DEBUG_INFO = NO;
				MTL_FAST_MATH = YES;
				SDKROOT = iphoneos;
				SWIFT_COMPILATION_MODE = wholemodule;
				VALIDATE_PRODUCT = YES;
			};
			name = Release;
		};
		7E81A16F2BD0D8B600080407 /* Debug */ = {
			isa = XCBuildConfiguration;
			buildSettings = {
				ASSETCATALOG_COMPILER_APPICON_NAME = AppIcon;
				ASSETCATALOG_COMPILER_GLOBAL_ACCENT_COLOR_NAME = AccentColor;
				CODE_SIGN_STYLE = Automatic;
				CURRENT_PROJECT_VERSION = 1;
				DEVELOPMENT_ASSET_PATHS = "\"Landmarks/Preview Content\"";
				DEVELOPMENT_TEAM = X7N87J76HK;
				ENABLE_PREVIEWS = YES;
				GENERATE_INFOPLIST_FILE = YES;
				INFOPLIST_KEY_UIApplicationSceneManifest_Generation = YES;
				INFOPLIST_KEY_UIApplicationSupportsIndirectInputEvents = YES;
				INFOPLIST_KEY_UILaunchScreen_Generation = YES;
				INFOPLIST_KEY_UISupportedInterfaceOrientations_iPad = "UIInterfaceOrientationPortrait UIInterfaceOrientationPortraitUpsideDown UIInterfaceOrientationLandscapeLeft UIInterfaceOrientationLandscapeRight";
				INFOPLIST_KEY_UISupportedInterfaceOrientations_iPhone = "UIInterfaceOrientationPortrait UIInterfaceOrientationLandscapeLeft UIInterfaceOrientationLandscapeRight";
				LD_RUNPATH_SEARCH_PATHS = (
					"$(inherited)",
					"@executable_path/Frameworks",
				);
				MARKETING_VERSION = 1.0;
				PRODUCT_BUNDLE_IDENTIFIER = com.hayya.Landmarks;
				PRODUCT_NAME = "$(TARGET_NAME)";
				SWIFT_EMIT_LOC_STRINGS = YES;
				SWIFT_VERSION = 5.0;
				TARGETED_DEVICE_FAMILY = "1,2";
			};
			name = Debug;
		};
		7E81A1702BD0D8B600080407 /* Release */ = {
			isa = XCBuildConfiguration;
			buildSettings = {
				ASSETCATALOG_COMPILER_APPICON_NAME = AppIcon;
				ASSETCATALOG_COMPILER_GLOBAL_ACCENT_COLOR_NAME = AccentColor;
				CODE_SIGN_STYLE = Automatic;
				CURRENT_PROJECT_VERSION = 1;
				DEVELOPMENT_ASSET_PATHS = "\"Landmarks/Preview Content\"";
				DEVELOPMENT_TEAM = X7N87J76HK;
				ENABLE_PREVIEWS = YES;
				GENERATE_INFOPLIST_FILE = YES;
				INFOPLIST_KEY_UIApplicationSceneManifest_Generation = YES;
				INFOPLIST_KEY_UIApplicationSupportsIndirectInputEvents = YES;
				INFOPLIST_KEY_UILaunchScreen_Generation = YES;
				INFOPLIST_KEY_UISupportedInterfaceOrientations_iPad = "UIInterfaceOrientationPortrait UIInterfaceOrientationPortraitUpsideDown UIInterfaceOrientationLandscapeLeft UIInterfaceOrientationLandscapeRight";
				INFOPLIST_KEY_UISupportedInterfaceOrientations_iPhone = "UIInterfaceOrientationPortrait UIInterfaceOrientationLandscapeLeft UIInterfaceOrientationLandscapeRight";
				LD_RUNPATH_SEARCH_PATHS = (
					"$(inherited)",
					"@executable_path/Frameworks",
				);
				MARKETING_VERSION = 1.0;
				PRODUCT_BUNDLE_IDENTIFIER = com.hayya.Landmarks;
				PRODUCT_NAME = "$(TARGET_NAME)";
				SWIFT_EMIT_LOC_STRINGS = YES;
				SWIFT_VERSION = 5.0;
				TARGETED_DEVICE_FAMILY = "1,2";
			};
			name = Release;
		};
		7E81A1722BD0D8B600080407 /* Debug */ = {
			isa = XCBuildConfiguration;
			buildSettings = {
				ALWAYS_EMBED_SWIFT_STANDARD_LIBRARIES = YES;
				BUNDLE_LOADER = "$(TEST_HOST)";
				CODE_SIGN_STYLE = Automatic;
				CURRENT_PROJECT_VERSION = 1;
				DEVELOPMENT_TEAM = X7N87J76HK;
				GENERATE_INFOPLIST_FILE = YES;
				IPHONEOS_DEPLOYMENT_TARGET = 17.2;
				MARKETING_VERSION = 1.0;
				PRODUCT_BUNDLE_IDENTIFIER = com.hayya.LandmarksTests;
				PRODUCT_NAME = "$(TARGET_NAME)";
				SWIFT_EMIT_LOC_STRINGS = NO;
				SWIFT_VERSION = 5.0;
				TARGETED_DEVICE_FAMILY = "1,2";
				TEST_HOST = "$(BUILT_PRODUCTS_DIR)/Landmarks.app/$(BUNDLE_EXECUTABLE_FOLDER_PATH)/Landmarks";
			};
			name = Debug;
		};
		7E81A1732BD0D8B600080407 /* Release */ = {
			isa = XCBuildConfiguration;
			buildSettings = {
				ALWAYS_EMBED_SWIFT_STANDARD_LIBRARIES = YES;
				BUNDLE_LOADER = "$(TEST_HOST)";
				CODE_SIGN_STYLE = Automatic;
				CURRENT_PROJECT_VERSION = 1;
				DEVELOPMENT_TEAM = X7N87J76HK;
				GENERATE_INFOPLIST_FILE = YES;
				IPHONEOS_DEPLOYMENT_TARGET = 17.2;
				MARKETING_VERSION = 1.0;
				PRODUCT_BUNDLE_IDENTIFIER = com.hayya.LandmarksTests;
				PRODUCT_NAME = "$(TARGET_NAME)";
				SWIFT_EMIT_LOC_STRINGS = NO;
				SWIFT_VERSION = 5.0;
				TARGETED_DEVICE_FAMILY = "1,2";
				TEST_HOST = "$(BUILT_PRODUCTS_DIR)/Landmarks.app/$(BUNDLE_EXECUTABLE_FOLDER_PATH)/Landmarks";
			};
			name = Release;
		};
		7E81A1752BD0D8B600080407 /* Debug */ = {
			isa = XCBuildConfiguration;
			buildSettings = {
				ALWAYS_EMBED_SWIFT_STANDARD_LIBRARIES = YES;
				CODE_SIGN_STYLE = Automatic;
				CURRENT_PROJECT_VERSION = 1;
				DEVELOPMENT_TEAM = X7N87J76HK;
				GENERATE_INFOPLIST_FILE = YES;
				MARKETING_VERSION = 1.0;
				PRODUCT_BUNDLE_IDENTIFIER = com.hayya.LandmarksUITests;
				PRODUCT_NAME = "$(TARGET_NAME)";
				SWIFT_EMIT_LOC_STRINGS = NO;
				SWIFT_VERSION = 5.0;
				TARGETED_DEVICE_FAMILY = "1,2";
				TEST_TARGET_NAME = Landmarks;
			};
			name = Debug;
		};
		7E81A1762BD0D8B600080407 /* Release */ = {
			isa = XCBuildConfiguration;
			buildSettings = {
				ALWAYS_EMBED_SWIFT_STANDARD_LIBRARIES = YES;
				CODE_SIGN_STYLE = Automatic;
				CURRENT_PROJECT_VERSION = 1;
				DEVELOPMENT_TEAM = X7N87J76HK;
				GENERATE_INFOPLIST_FILE = YES;
				MARKETING_VERSION = 1.0;
				PRODUCT_BUNDLE_IDENTIFIER = com.hayya.LandmarksUITests;
				PRODUCT_NAME = "$(TARGET_NAME)";
				SWIFT_EMIT_LOC_STRINGS = NO;
				SWIFT_VERSION = 5.0;
				TARGETED_DEVICE_FAMILY = "1,2";
				TEST_TARGET_NAME = Landmarks;
			};
			name = Release;
		};
/* End XCBuildConfiguration section */

/* Begin XCConfigurationList section */
		7E81A1452BD0D8B300080407 /* Build configuration list for PBXProject "Landmarks" */ = {
			isa = XCConfigurationList;
			buildConfigurations = (
				7E81A16C2BD0D8B600080407 /* Debug */,
				7E81A16D2BD0D8B600080407 /* Release */,
			);
			defaultConfigurationIsVisible = 0;
			defaultConfigurationName = Release;
		};
		7E81A16E2BD0D8B600080407 /* Build configuration list for PBXNativeTarget "Landmarks" */ = {
			isa = XCConfigurationList;
			buildConfigurations = (
				7E81A16F2BD0D8B600080407 /* Debug */,
				7E81A1702BD0D8B600080407 /* Release */,
			);
			defaultConfigurationIsVisible = 0;
			defaultConfigurationName = Release;
		};
		7E81A1712BD0D8B600080407 /* Build configuration list for PBXNativeTarget "LandmarksTests" */ = {
			isa = XCConfigurationList;
			buildConfigurations = (
				7E81A1722BD0D8B600080407 /* Debug */,
				7E81A1732BD0D8B600080407 /* Release */,
			);
			defaultConfigurationIsVisible = 0;
			defaultConfigurationName = Release;
		};
		7E81A1742BD0D8B600080407 /* Build configuration list for PBXNativeTarget "LandmarksUITests" */ = {
			isa = XCConfigurationList;
			buildConfigurations = (
				7E81A1752BD0D8B600080407 /* Debug */,
				7E81A1762BD0D8B600080407 /* Release */,
			);
			defaultConfigurationIsVisible = 0;
			defaultConfigurationName = Release;
		};
/* End XCConfigurationList section */
	};
	rootObject = 7E81A1422BD0D8B300080407 /* Project object */;
}
